
Microsoft Visual Studio Solution File, Format Version 12.00
# Visual Studio Version 16
VisualStudioVersion = 16.0.31313.79
MinimumVisualStudioVersion = 10.0.40219.1
Project("{FAE04EC0-301F-11D3-BF4B-00C04F79EFBC}") = "CsvHelper _ASP.NET_Core", "CsvHelper _ASP.NET_Core\CsvHelper _ASP.NET_Core.csproj", "{D181DD04-6A7E-462C-A75E-DCA95F6D4038}"
EndProject
Global
	GlobalSection(SolutionConfigurationPlatforms) = preSolution
		Debug|Any CPU = Debug|Any CPU
		Release|Any CPU = Release|Any CPU
	EndGlobalSection
	GlobalSection(ProjectConfigurationPlatforms) = postSolution
		{D181DD04-6A7E-462C-A75E-DCA95F6D4038}.Debug|Any CPU.ActiveCfg = Debug|Any CPU
		{D181DD04-6A7E-462C-A75E-DCA95F6D4038}.Debug|Any CPU.Build.0 = Debug|Any CPU
		{D181DD04-6A7E-462C-A75E-DCA95F6D4038}.Release|Any CPU.ActiveCfg = Release|Any CPU
		{D181DD04-6A7E-462C-A75E-DCA95F6D4038}.Release|Any CPU.Build.0 = Release|Any CPU
	EndGlobalSection
	GlobalSection(SolutionProperties) = preSolution
		HideSolutionNode = FALSE
	EndGlobalSection
	GlobalSection(ExtensibilityGlobals) = postSolution
		SolutionGuid = {5D2B2051-0FFC-4046-B5BA-2E7EA4867FFD}
	EndGlobalSection
EndGlobal
